
Microsoft Visual Studio Solution File, Format Version 12.00
# Visual Studio Version 17
VisualStudioVersion = 17.8.34511.84
MinimumVisualStudioVersion = 10.0.40219.1
Project("{8BC9CEB8-8B4A-11D0-8D11-00A0C91BC942}") = "Text_Adventure_Game", "Text_Adventure_Game\Text_Adventure_Game.vcxproj", "{EECA635E-BF73-40F2-AB56-E91DDAA99CD9}"
EndProject
Global
	GlobalSection(SolutionConfigurationPlatforms) = preSolution
		Debug|x64 = Debug|x64
		Debug|x86 = Debug|x86
		Release|x64 = Release|x64
		Release|x86 = Release|x86
	EndGlobalSection
	GlobalSection(ProjectConfigurationPlatforms) = postSolution
		{EECA635E-BF73-40F2-AB56-E91DDAA99CD9}.Debug|x64.ActiveCfg = Debug|x64
		{EECA635E-BF73-40F2-AB56-E91DDAA99CD9}.Debug|x64.Build.0 = Debug|x64
		{EECA635E-BF73-40F2-AB56-E91DDAA99CD9}.Debug|x86.ActiveCfg = Debug|Win32
		{EECA635E-BF73-40F2-AB56-E91DDAA99CD9}.Debug|x86.Build.0 = Debug|Win32
		{EECA635E-BF73-40F2-AB56-E91DDAA99CD9}.Release|x64.ActiveCfg = Release|x64
		{EECA635E-BF73-40F2-AB56-E91DDAA99CD9}.Release|x64.Build.0 = Release|x64
		{EECA635E-BF73-40F2-AB56-E91DDAA99CD9}.Release|x86.ActiveCfg = Release|Win32
		{EECA635E-BF73-40F2-AB56-E91DDAA99CD9}.Release|x86.Build.0 = Release|Win32
	EndGlobalSection
	GlobalSection(SolutionProperties) = preSolution
		HideSolutionNode = FALSE
	EndGlobalSection
	GlobalSection(ExtensibilityGlobals) = postSolution
		SolutionGuid = {AB41EE28-4FCA-49D2-AEA0-BDED484EF568}
	EndGlobalSection
EndGlobal
